
Microsoft Visual Studio Solution File, Format Version 12.00
# Visual Studio Version 17
VisualStudioVersion = 17.0.31903.59
MinimumVisualStudioVersion = 10.0.40219.1
Project("{2150E333-8FDC-42A3-9474-1A3956D46DE8}") = "Ecommerce-Api", "Ecommerce-Api", "{1F120F76-674C-49CB-A726-9A7A49F3F2F2}"
EndProject
Project("{FAE04EC0-301F-11D3-BF4B-00C04F79EFBC}") = "Ecommerce-Api.Domain", "Ecommerce-Api\Ecommerce.Domain\Ecommerce-Api.Domain.csproj", "{712A6077-76EA-483F-B6E2-E62D3CCA3747}"
EndProject
Project("{FAE04EC0-301F-11D3-BF4B-00C04F79EFBC}") = "Ecommerce-Api.Infrastructure", "Ecommerce-Api\Ecommerce.Infrastructure\Ecommerce-Api.Infrastructure.csproj", "{32935E21-7412-420B-89A0-6589EE560EB4}"
EndProject
Global
	GlobalSection(SolutionConfigurationPlatforms) = preSolution
		Debug|Any CPU = Debug|Any CPU
		Release|Any CPU = Release|Any CPU
	EndGlobalSection
	GlobalSection(SolutionProperties) = preSolution
		HideSolutionNode = FALSE
	EndGlobalSection
	GlobalSection(ProjectConfigurationPlatforms) = postSolution
		{712A6077-76EA-483F-B6E2-E62D3CCA3747}.Debug|Any CPU.ActiveCfg = Debug|Any CPU
		{712A6077-76EA-483F-B6E2-E62D3CCA3747}.Debug|Any CPU.Build.0 = Debug|Any CPU
		{712A6077-76EA-483F-B6E2-E62D3CCA3747}.Release|Any CPU.ActiveCfg = Release|Any CPU
		{712A6077-76EA-483F-B6E2-E62D3CCA3747}.Release|Any CPU.Build.0 = Release|Any CPU
		{32935E21-7412-420B-89A0-6589EE560EB4}.Debug|Any CPU.ActiveCfg = Debug|Any CPU
		{32935E21-7412-420B-89A0-6589EE560EB4}.Debug|Any CPU.Build.0 = Debug|Any CPU
		{32935E21-7412-420B-89A0-6589EE560EB4}.Release|Any CPU.ActiveCfg = Release|Any CPU
		{32935E21-7412-420B-89A0-6589EE560EB4}.Release|Any CPU.Build.0 = Release|Any CPU
	EndGlobalSection
	GlobalSection(NestedProjects) = preSolution
		{712A6077-76EA-483F-B6E2-E62D3CCA3747} = {1F120F76-674C-49CB-A726-9A7A49F3F2F2}
		{32935E21-7412-420B-89A0-6589EE560EB4} = {1F120F76-674C-49CB-A726-9A7A49F3F2F2}
	EndGlobalSection
EndGlobal
